
Microsoft Visual Studio Solution File, Format Version 12.00
# Visual Studio Version 16
VisualStudioVersion = 16.0.29613.14
MinimumVisualStudioVersion = 10.0.40219.1
Project("{FAE04EC0-301F-11D3-BF4B-00C04F79EFBC}") = "WindowsFormsApp4", "WindowsFormsApp4\WindowsFormsApp4.csproj", "{EFAE2C6C-2C6F-4D12-87E7-946E5C4FB4E5}"
EndProject
Global
	GlobalSection(SolutionConfigurationPlatforms) = preSolution
		Debug|Any CPU = Debug|Any CPU
		Release|Any CPU = Release|Any CPU
	EndGlobalSection
	GlobalSection(ProjectConfigurationPlatforms) = postSolution
		{EFAE2C6C-2C6F-4D12-87E7-946E5C4FB4E5}.Debug|Any CPU.ActiveCfg = Debug|Any CPU
		{EFAE2C6C-2C6F-4D12-87E7-946E5C4FB4E5}.Debug|Any CPU.Build.0 = Debug|Any CPU
		{EFAE2C6C-2C6F-4D12-87E7-946E5C4FB4E5}.Release|Any CPU.ActiveCfg = Release|Any CPU
		{EFAE2C6C-2C6F-4D12-87E7-946E5C4FB4E5}.Release|Any CPU.Build.0 = Release|Any CPU
	EndGlobalSection
	GlobalSection(SolutionProperties) = preSolution
		HideSolutionNode = FALSE
	EndGlobalSection
	GlobalSection(ExtensibilityGlobals) = postSolution
		SolutionGuid = {3FDF15FD-86B6-41A6-9987-CC10A8AE6886}
	EndGlobalSection
EndGlobal
